
Microsoft Visual Studio Solution File, Format Version 12.00
# Visual Studio Version 17
VisualStudioVersion = 17.14.36616.10
MinimumVisualStudioVersion = 10.0.40219.1
Project("{FAE04EC0-301F-11D3-BF4B-00C04F79EFBC}") = "LevverRH.Application", "LevverRH.Application\LevverRH.Application.csproj", "{8ADE19E8-A63A-4290-95F2-DCFA373E9EFD}"
EndProject
Project("{FAE04EC0-301F-11D3-BF4B-00C04F79EFBC}") = "LevverRH.Domain", "LevverRH.Domain\LevverRH.Domain.csproj", "{8ED78D3E-9B6E-4A2E-9DC2-62B72AEB11A0}"
EndProject
Project("{FAE04EC0-301F-11D3-BF4B-00C04F79EFBC}") = "LevverRH.Infra.Data", "LevverRH.Infra.Data\LevverRH.Infra.Data.csproj", "{D2DC1234-EA68-4355-857A-AE6ED7519A4F}"
EndProject
Project("{FAE04EC0-301F-11D3-BF4B-00C04F79EFBC}") = "LevverRH.Infra.IoC", "LevverRH.Infra.IoC\LevverRH.Infra.IoC.csproj", "{EDF42AAE-CE1E-4F55-B742-AA75BC24EE70}"
EndProject
Project("{FAE04EC0-301F-11D3-BF4B-00C04F79EFBC}") = "LevverRH.WebApp", "LevverRH.WebApp\LevverRH.WebApp.csproj", "{CCA6B2CE-4216-4CF6-BC79-F2D6B09CEBE1}"
EndProject
Project("{54A90642-561A-4BB1-A94E-469ADEE60C69}") = "LevverRH.Frontend", "LevverRH.Frontend\LevverRH.Frontend.esproj", "{B9CBCAFA-4B1E-DC1B-8E0C-E1EB1D418C9B}"
EndProject
Global
	GlobalSection(SolutionConfigurationPlatforms) = preSolution
		Debug|Any CPU = Debug|Any CPU
		Release|Any CPU = Release|Any CPU
	EndGlobalSection
	GlobalSection(ProjectConfigurationPlatforms) = postSolution
		{8ADE19E8-A63A-4290-95F2-DCFA373E9EFD}.Debug|Any CPU.ActiveCfg = Debug|Any CPU
		{8ADE19E8-A63A-4290-95F2-DCFA373E9EFD}.Debug|Any CPU.Build.0 = Debug|Any CPU
		{8ADE19E8-A63A-4290-95F2-DCFA373E9EFD}.Release|Any CPU.ActiveCfg = Release|Any CPU
		{8ADE19E8-A63A-4290-95F2-DCFA373E9EFD}.Release|Any CPU.Build.0 = Release|Any CPU
		{8ED78D3E-9B6E-4A2E-9DC2-62B72AEB11A0}.Debug|Any CPU.ActiveCfg = Debug|Any CPU
		{8ED78D3E-9B6E-4A2E-9DC2-62B72AEB11A0}.Debug|Any CPU.Build.0 = Debug|Any CPU
		{8ED78D3E-9B6E-4A2E-9DC2-62B72AEB11A0}.Release|Any CPU.ActiveCfg = Release|Any CPU
		{8ED78D3E-9B6E-4A2E-9DC2-62B72AEB11A0}.Release|Any CPU.Build.0 = Release|Any CPU
		{D2DC1234-EA68-4355-857A-AE6ED7519A4F}.Debug|Any CPU.ActiveCfg = Debug|Any CPU
		{D2DC1234-EA68-4355-857A-AE6ED7519A4F}.Debug|Any CPU.Build.0 = Debug|Any CPU
		{D2DC1234-EA68-4355-857A-AE6ED7519A4F}.Release|Any CPU.ActiveCfg = Release|Any CPU
		{D2DC1234-EA68-4355-857A-AE6ED7519A4F}.Release|Any CPU.Build.0 = Release|Any CPU
		{EDF42AAE-CE1E-4F55-B742-AA75BC24EE70}.Debug|Any CPU.ActiveCfg = Debug|Any CPU
		{EDF42AAE-CE1E-4F55-B742-AA75BC24EE70}.Debug|Any CPU.Build.0 = Debug|Any CPU
		{EDF42AAE-CE1E-4F55-B742-AA75BC24EE70}.Release|Any CPU.ActiveCfg = Release|Any CPU
		{EDF42AAE-CE1E-4F55-B742-AA75BC24EE70}.Release|Any CPU.Build.0 = Release|Any CPU
		{CCA6B2CE-4216-4CF6-BC79-F2D6B09CEBE1}.Debug|Any CPU.ActiveCfg = Debug|Any CPU
		{CCA6B2CE-4216-4CF6-BC79-F2D6B09CEBE1}.Debug|Any CPU.Build.0 = Debug|Any CPU
		{CCA6B2CE-4216-4CF6-BC79-F2D6B09CEBE1}.Release|Any CPU.ActiveCfg = Release|Any CPU
		{CCA6B2CE-4216-4CF6-BC79-F2D6B09CEBE1}.Release|Any CPU.Build.0 = Release|Any CPU
		{B9CBCAFA-4B1E-DC1B-8E0C-E1EB1D418C9B}.Debug|Any CPU.ActiveCfg = Debug|Any CPU
		{B9CBCAFA-4B1E-DC1B-8E0C-E1EB1D418C9B}.Debug|Any CPU.Build.0 = Debug|Any CPU
		{B9CBCAFA-4B1E-DC1B-8E0C-E1EB1D418C9B}.Debug|Any CPU.Deploy.0 = Debug|Any CPU
		{B9CBCAFA-4B1E-DC1B-8E0C-E1EB1D418C9B}.Release|Any CPU.ActiveCfg = Release|Any CPU
		{B9CBCAFA-4B1E-DC1B-8E0C-E1EB1D418C9B}.Release|Any CPU.Build.0 = Release|Any CPU
		{B9CBCAFA-4B1E-DC1B-8E0C-E1EB1D418C9B}.Release|Any CPU.Deploy.0 = Release|Any CPU
	EndGlobalSection
	GlobalSection(SolutionProperties) = preSolution
		HideSolutionNode = FALSE
	EndGlobalSection
	GlobalSection(ExtensibilityGlobals) = postSolution
		SolutionGuid = {ED8FB428-DD27-42B2-8B0C-264ECE90DF7B}
	EndGlobalSection
EndGlobal
